# Generated by pub
# See https://dart.dev/tools/pub/glossary#lockfile
packages:
  _flutterfire_internals:
    dependency: transitive
    description:
      name: _flutterfire_internals
      sha256: f5628cd9c92ed11083f425fd1f8f1bc60ecdda458c81d73b143aeda036c35fe7
      url: "https://pub.dev"
    source: hosted
    version: "1.3.16"
  async:
    dependency: transitive
    description:
      name: async
      sha256: "947bfcf187f74dbc5e146c9eb9c0f10c9f8b30743e341481c1e2ed3ecc18c20c"
      url: "https://pub.dev"
    source: hosted
    version: "2.11.0"
  boolean_selector:
    dependency: transitive
    description:
      name: boolean_selector
      sha256: "6cfb5af12253eaf2b368f07bacc5a80d1301a071c73360d746b7f2e32d762c66"
      url: "https://pub.dev"
    source: hosted
    version: "2.1.1"
  cached_network_image:
    dependency: "direct main"
    description:
      name: cached_network_image
      sha256: "28ea9690a8207179c319965c13cd8df184d5ee721ae2ce60f398ced1219cea1f"
      url: "https://pub.dev"
    source: hosted
    version: "3.3.1"
  cached_network_image_platform_interface:
    dependency: transitive
    description:
      name: cached_network_image_platform_interface
      sha256: "9e90e78ae72caa874a323d78fa6301b3fb8fa7ea76a8f96dc5b5bf79f283bf2f"
      url: "https://pub.dev"
    source: hosted
    version: "4.0.0"
  cached_network_image_web:
    dependency: transitive
    description:
      name: cached_network_image_web
      sha256: "42a835caa27c220d1294311ac409a43361088625a4f23c820b006dd9bffb3316"
      url: "https://pub.dev"
    source: hosted
    version: "1.1.1"
  characters:
    dependency: transitive
    description:
      name: characters
      sha256: "04a925763edad70e8443c99234dc3328f442e811f1d8fd1a72f1c8ad0f69a605"
      url: "https://pub.dev"
    source: hosted
    version: "1.3.0"
  clock:
    dependency: transitive
    description:
      name: clock
      sha256: cb6d7f03e1de671e34607e909a7213e31d7752be4fb66a86d29fe1eb14bfb5cf
      url: "https://pub.dev"
    source: hosted
    version: "1.1.1"
  cloud_firestore:
    dependency: "direct main"
    description:
      name: cloud_firestore
      sha256: "8bfbb5a2edbc6052452326d60de0113fea2bcbf081d34a3f8e45c8b38307b31c"
      url: "https://pub.dev"
    source: hosted
    version: "4.14.0"
  cloud_firestore_platform_interface:
    dependency: transitive
    description:
      name: cloud_firestore_platform_interface
      sha256: "73ff438fe46028f0e19f55da18b6ddc6906ab750562cd7d9ffab77ff8c0c4307"
      url: "https://pub.dev"
    source: hosted
    version: "6.1.0"
  cloud_firestore_web:
    dependency: transitive
    description:
      name: cloud_firestore_web
      sha256: "232e45e95970d3a6baab8f50f9c3a6e2838d145d9d91ec9a7392837c44296397"
      url: "https://pub.dev"
    source: hosted
    version: "3.9.0"
  collection:
    dependency: transitive
    description:
      name: collection
      sha256: ee67cb0715911d28db6bf4af1026078bd6f0128b07a5f66fb2ed94ec6783c09a
      url: "https://pub.dev"
    source: hosted
    version: "1.18.0"
  cross_file:
    dependency: transitive
    description:
      name: cross_file
      sha256: "0b0036e8cccbfbe0555fd83c1d31a6f30b77a96b598b35a5d36dd41f718695e9"
      url: "https://pub.dev"
    source: hosted
    version: "0.3.3+4"
  crypto:
    dependency: transitive
    description:
      name: crypto
      sha256: ff625774173754681d66daaf4a448684fb04b78f902da9cb3d308c19cc5e8bab
      url: "https://pub.dev"
    source: hosted
    version: "3.0.3"
  cupertino_icons:
    dependency: "direct main"
    description:
      name: cupertino_icons
      sha256: e35129dc44c9118cee2a5603506d823bab99c68393879edb440e0090d07586be
      url: "https://pub.dev"
    source: hosted
    version: "1.0.5"
  emoji_picker_flutter:
    dependency: "direct main"
    description:
      name: emoji_picker_flutter
      sha256: feb141b3ab9188e33c2ec35212136ecb3f79215d881aa5af3d3e0df28f84b725
      url: "https://pub.dev"
    source: hosted
    version: "1.5.2"
  fake_async:
    dependency: transitive
    description:
      name: fake_async
      sha256: "511392330127add0b769b75a987850d136345d9227c6b94c96a04cf4a391bf78"
      url: "https://pub.dev"
    source: hosted
    version: "1.3.1"
  ffi:
    dependency: transitive
    description:
      name: ffi
      sha256: a38574032c5f1dd06c4aee541789906c12ccaab8ba01446e800d9c5b79c4a978
      url: "https://pub.dev"
    source: hosted
    version: "2.0.1"
  file:
    dependency: transitive
    description:
      name: file
      sha256: "1b92bec4fc2a72f59a8e15af5f52cd441e4a7860b49499d69dfa817af20e925d"
      url: "https://pub.dev"
    source: hosted
    version: "6.1.4"
  firebase_auth:
    dependency: "direct main"
    description:
      name: firebase_auth
      sha256: "279b2773ff61afd9763202cb5582e2b995ee57419d826b9af6517302a59b672f"
      url: "https://pub.dev"
    source: hosted
    version: "4.16.0"
  firebase_auth_platform_interface:
    dependency: transitive
    description:
      name: firebase_auth_platform_interface
      sha256: "3c9cfaccb7549492edf5b0c67c6dd1c6727c7830891aa6727f2fb225f0226626"
      url: "https://pub.dev"
    source: hosted
    version: "7.0.9"
  firebase_auth_web:
    dependency: transitive
    description:
      name: firebase_auth_web
      sha256: c7b1379ccef7abf4b6816eede67a868c44142198e42350f51c01d8fc03f95a7d
      url: "https://pub.dev"
    source: hosted
    version: "5.8.13"
  firebase_core:
    dependency: "direct main"
    description:
      name: firebase_core
      sha256: "96607c0e829a581c2a483c658f04e8b159964c3bae2730f73297070bc85d40bb"
      url: "https://pub.dev"
    source: hosted
    version: "2.24.2"
  firebase_core_platform_interface:
    dependency: transitive
    description:
      name: firebase_core_platform_interface
      sha256: c437ae5d17e6b5cc7981cf6fd458a5db4d12979905f9aafd1fea930428a9fe63
      url: "https://pub.dev"
    source: hosted
    version: "5.0.0"
  firebase_core_web:
    dependency: transitive
    description:
      name: firebase_core_web
      sha256: d585bdf3c656c3f7821ba1bd44da5f13365d22fcecaf5eb75c4295246aaa83c0
      url: "https://pub.dev"
    source: hosted
    version: "2.10.0"
  firebase_messaging:
    dependency: "direct main"
    description:
      name: firebase_messaging
      sha256: "980259425fa5e2afc03e533f33723335731d21a56fd255611083bceebf4373a8"
      url: "https://pub.dev"
    source: hosted
    version: "14.7.10"
  firebase_messaging_platform_interface:
    dependency: transitive
    description:
      name: firebase_messaging_platform_interface
      sha256: "54e283a0e41d81d854636ad0dad73066adc53407a60a7c3189c9656e2f1b6107"
      url: "https://pub.dev"
    source: hosted
    version: "4.5.18"
  firebase_messaging_web:
    dependency: transitive
    description:
      name: firebase_messaging_web
      sha256: "90dc7ed885e90a24bb0e56d661d4d2b5f84429697fd2cbb9e5890a0ca370e6f4"
      url: "https://pub.dev"
    source: hosted
    version: "3.5.18"
  firebase_storage:
    dependency: "direct main"
    description:
      name: firebase_storage
      sha256: "75e6cb6bed65138b5bbd86bfd7cf9bc9a175fb0c31aacc400e9203df117ffbe6"
      url: "https://pub.dev"
    source: hosted
    version: "11.6.0"
  firebase_storage_platform_interface:
    dependency: transitive
    description:
      name: firebase_storage_platform_interface
      sha256: "545a3a8edf337850403bb0fa03c8074a53deb87c0107d19755c77a82ce07919e"
      url: "https://pub.dev"
    source: hosted
    version: "5.1.3"
  firebase_storage_web:
    dependency: transitive
    description:
      name: firebase_storage_web
      sha256: ee6870ff79aa304b8996ba18a4aefe1e8b3fc31fd385eab6574180267aa8d393
      url: "https://pub.dev"
    source: hosted
    version: "3.6.17"
  flutter:
    dependency: "direct main"
    description: flutter
    source: sdk
    version: "0.0.0"
  flutter_cache_manager:
    dependency: transitive
    description:
      name: flutter_cache_manager
      sha256: "8207f27539deb83732fdda03e259349046a39a4c767269285f449ade355d54ba"
      url: "https://pub.dev"
    source: hosted
    version: "3.3.1"
  flutter_lints:
    dependency: "direct dev"
    description:
      name: flutter_lints
      sha256: aeb0b80a8b3709709c9cc496cdc027c5b3216796bc0af0ce1007eaf24464fd4c
      url: "https://pub.dev"
    source: hosted
    version: "2.0.1"
  flutter_notification_channel:
    dependency: "direct main"
    description:
      name: flutter_notification_channel
      sha256: "85f02dceefce1dd05838b639dee3d64ab8721df4882eee7a29ecb277f00ab087"
      url: "https://pub.dev"
    source: hosted
    version: "2.0.0"
  flutter_plugin_android_lifecycle:
    dependency: transitive
    description:
      name: flutter_plugin_android_lifecycle
      sha256: c224ac897bed083dabf11f238dd11a239809b446740be0c2044608c50029ffdf
      url: "https://pub.dev"
    source: hosted
    version: "2.0.9"
  flutter_test:
    dependency: "direct dev"
    description: flutter
    source: sdk
    version: "0.0.0"
  flutter_web_plugins:
    dependency: transitive
    description: flutter
    source: sdk
    version: "0.0.0"
  google_identity_services_web:
    dependency: transitive
    description:
      name: google_identity_services_web
      sha256: "0c56c2c5d60d6dfaf9725f5ad4699f04749fb196ee5a70487a46ef184837ccf6"
      url: "https://pub.dev"
    source: hosted
    version: "0.3.0+2"
  google_sign_in:
    dependency: "direct main"
    description:
      name: google_sign_in
      sha256: "0b8787cb9c1a68ad398e8010e8c8766bfa33556d2ab97c439fb4137756d7308f"
      url: "https://pub.dev"
    source: hosted
    version: "6.2.1"
  google_sign_in_android:
    dependency: transitive
    description:
      name: google_sign_in_android
      sha256: f27bd56527c567594167bd0a46f7ceb93122ed064d2eee612413d6af0bb2e2e5
      url: "https://pub.dev"
    source: hosted
    version: "6.1.7"
  google_sign_in_ios:
    dependency: transitive
    description:
      name: google_sign_in_ios
      sha256: b7d444abd3b4ef718e32d766c84b5a5d00d4e63a673075a435e6aad0e85e4d20
      url: "https://pub.dev"
    source: hosted
    version: "5.7.2"
  google_sign_in_platform_interface:
    dependency: transitive
    description:
      name: google_sign_in_platform_interface
      sha256: df6c91e74b7bb07335c864434c2064007dafa5539a96adeca6e83811be583ec4
      url: "https://pub.dev"
    source: hosted
    version: "2.4.4"
  google_sign_in_web:
    dependency: transitive
    description:
      name: google_sign_in_web
      sha256: a278ea2d01013faf341cbb093da880d0f2a552bbd1cb6ee90b5bebac9ba69d77
      url: "https://pub.dev"
    source: hosted
    version: "0.12.3+2"
  http:
    dependency: "direct main"
    description:
      name: http
      sha256: d4872660c46d929f6b8a9ef4e7a7eff7e49bbf0c4ec3f385ee32df5119175139
      url: "https://pub.dev"
    source: hosted
    version: "1.1.2"
  http_parser:
    dependency: transitive
    description:
      name: http_parser
      sha256: "2aa08ce0341cc9b354a498388e30986515406668dbcc4f7c950c3e715496693b"
      url: "https://pub.dev"
    source: hosted
    version: "4.0.2"
  image_picker:
    dependency: "direct main"
    description:
      name: image_picker
      sha256: "715d68a53d6bcc2eae26005097dc74c375a04c0d7c0e657da84deebbbbbf51ed"
      url: "https://pub.dev"
    source: hosted
    version: "0.8.6+4"
  image_picker_android:
    dependency: transitive
    description:
      name: image_picker_android
      sha256: ca14b663fecbe7f5ddda83782abfb2e1dd2a23d6da49b6ed344bf8cf3871225a
      url: "https://pub.dev"
    source: hosted
    version: "0.8.5+9"
  image_picker_for_web:
    dependency: transitive
    description:
      name: image_picker_for_web
      sha256: "66fc6e3877bbde82c33d122f3588777c3784ac5bd7d1cdd79213ef7aecb85b34"
      url: "https://pub.dev"
    source: hosted
    version: "2.1.11"
  image_picker_ios:
    dependency: transitive
    description:
      name: image_picker_ios
      sha256: "93b4403350b54f45a5061632721ee29a563c8b45b1e22feda9049b8329bd1337"
      url: "https://pub.dev"
    source: hosted
    version: "0.8.7"
  image_picker_platform_interface:
    dependency: transitive
    description:
      name: image_picker_platform_interface
      sha256: "0e827c156e3a90edd3bbe7f6de048b39247b16e58173b08a835b7eb00aba239e"
      url: "https://pub.dev"
    source: hosted
    version: "2.9.2"
  js:
    dependency: transitive
    description:
      name: js
      sha256: a5e201311cb08bf3912ebbe9a2be096e182d703f881136ec1e81a2338a9e120d
      url: "https://pub.dev"
    source: hosted
    version: "0.6.4"
  leak_tracker:
    dependency: transitive
    description:
      name: leak_tracker
      sha256: "78eb209deea09858f5269f5a5b02be4049535f568c07b275096836f01ea323fa"
      url: "https://pub.dev"
    source: hosted
    version: "10.0.0"
  leak_tracker_flutter_testing:
    dependency: transitive
    description:
      name: leak_tracker_flutter_testing
      sha256: b46c5e37c19120a8a01918cfaf293547f47269f7cb4b0058f21531c2465d6ef0
      url: "https://pub.dev"
    source: hosted
    version: "2.0.1"
  leak_tracker_testing:
    dependency: transitive
    description:
      name: leak_tracker_testing
      sha256: a597f72a664dbd293f3bfc51f9ba69816f84dcd403cdac7066cb3f6003f3ab47
      url: "https://pub.dev"
    source: hosted
    version: "2.0.1"
  lints:
    dependency: transitive
    description:
      name: lints
      sha256: "5e4a9cd06d447758280a8ac2405101e0e2094d2a1dbdd3756aec3fe7775ba593"
      url: "https://pub.dev"
    source: hosted
    version: "2.0.1"
  matcher:
    dependency: transitive
    description:
      name: matcher
      sha256: d2323aa2060500f906aa31a895b4030b6da3ebdcc5619d14ce1aada65cd161cb
      url: "https://pub.dev"
    source: hosted
    version: "0.12.16+1"
  material_color_utilities:
    dependency: transitive
    description:
      name: material_color_utilities
      sha256: "0e0a020085b65b6083975e499759762399b4475f766c21668c4ecca34ea74e5a"
      url: "https://pub.dev"
    source: hosted
    version: "0.8.0"
  meta:
    dependency: transitive
    description:
      name: meta
      sha256: d584fa6707a52763a52446f02cc621b077888fb63b93bbcb1143a7be5a0c0c04
      url: "https://pub.dev"
    source: hosted
    version: "1.11.0"
  octo_image:
    dependency: transitive
    description:
      name: octo_image
      sha256: "45b40f99622f11901238e18d48f5f12ea36426d8eced9f4cbf58479c7aa2430d"
      url: "https://pub.dev"
    source: hosted
    version: "2.0.0"
  path:
    dependency: transitive
    description:
      name: path
      sha256: "087ce49c3f0dc39180befefc60fdb4acd8f8620e5682fe2476afd0b3688bb4af"
      url: "https://pub.dev"
    source: hosted
    version: "1.9.0"
  path_provider:
    dependency: transitive
    description:
      name: path_provider
      sha256: "3087813781ab814e4157b172f1a11c46be20179fcc9bea043e0fba36bc0acaa2"
      url: "https://pub.dev"
    source: hosted
    version: "2.0.15"
  path_provider_android:
    dependency: transitive
    description:
      name: path_provider_android
      sha256: "2cec049d282c7f13c594b4a73976b0b4f2d7a1838a6dd5aaf7bd9719196bee86"
      url: "https://pub.dev"
    source: hosted
    version: "2.0.27"
  path_provider_foundation:
    dependency: transitive
    description:
      name: path_provider_foundation
      sha256: "916731ccbdce44d545414dd9961f26ba5fbaa74bcbb55237d8e65a623a8c7297"
      url: "https://pub.dev"
    source: hosted
    version: "2.2.4"
  path_provider_linux:
    dependency: transitive
    description:
      name: path_provider_linux
      sha256: "525ad5e07622d19447ad740b1ed5070031f7a5437f44355ae915ff56e986429a"
      url: "https://pub.dev"
    source: hosted
    version: "2.1.9"
  path_provider_platform_interface:
    dependency: transitive
    description:
      name: path_provider_platform_interface
      sha256: "57585299a729335f1298b43245842678cb9f43a6310351b18fb577d6e33165ec"
      url: "https://pub.dev"
    source: hosted
    version: "2.0.6"
  path_provider_windows:
    dependency: transitive
    description:
      name: path_provider_windows
      sha256: "642ddf65fde5404f83267e8459ddb4556316d3ee6d511ed193357e25caa3632d"
      url: "https://pub.dev"
    source: hosted
    version: "2.1.4"
  platform:
    dependency: transitive
    description:
      name: platform
      sha256: "4a451831508d7d6ca779f7ac6e212b4023dd5a7d08a27a63da33756410e32b76"
      url: "https://pub.dev"
    source: hosted
    version: "3.1.0"
  plugin_platform_interface:
    dependency: transitive
    description:
      name: plugin_platform_interface
      sha256: "6a2128648c854906c53fa8e33986fc0247a1116122f9534dd20e3ab9e16a32bc"
      url: "https://pub.dev"
    source: hosted
    version: "2.1.4"
  process:
    dependency: transitive
    description:
      name: process
      sha256: "53fd8db9cec1d37b0574e12f07520d582019cb6c44abf5479a01505099a34a09"
      url: "https://pub.dev"
    source: hosted
    version: "4.2.4"
  rxdart:
    dependency: transitive
    description:
      name: rxdart
      sha256: "0c7c0cedd93788d996e33041ffecda924cc54389199cde4e6a34b440f50044cb"
      url: "https://pub.dev"
    source: hosted
    version: "0.27.7"
  shared_preferences:
    dependency: transitive
    description:
      name: shared_preferences
      sha256: ee6257848f822b8481691f20c3e6d2bfee2e9eccb2a3d249907fcfb198c55b41
      url: "https://pub.dev"
    source: hosted
    version: "2.0.18"
  shared_preferences_android:
    dependency: transitive
    description:
      name: shared_preferences_android
      sha256: a51a4f9375097f94df1c6e0a49c0374440d31ab026b59d58a7e7660675879db4
      url: "https://pub.dev"
    source: hosted
    version: "2.0.16"
  shared_preferences_foundation:
    dependency: transitive
    description:
      name: shared_preferences_foundation
      sha256: "6b84fdf06b32bb336f972d373cd38b63734f3461ba56ac2ba01b56d052796259"
      url: "https://pub.dev"
    source: hosted
    version: "2.1.4"
  shared_preferences_linux:
    dependency: transitive
    description:
      name: shared_preferences_linux
      sha256: d7fb71e6e20cd3dfffcc823a28da3539b392e53ed5fc5c2b90b55fdaa8a7e8fa
      url: "https://pub.dev"
    source: hosted
    version: "2.1.4"
  shared_preferences_platform_interface:
    dependency: transitive
    description:
      name: shared_preferences_platform_interface
      sha256: "824bfd02713e37603b2bdade0842e47d56e7db32b1dcdd1cae533fb88e2913fc"
      url: "https://pub.dev"
    source: hosted
    version: "2.1.1"
  shared_preferences_web:
    dependency: transitive
    description:
      name: shared_preferences_web
      sha256: "6737b757e49ba93de2a233df229d0b6a87728cea1684da828cbc718b65dcf9d7"
      url: "https://pub.dev"
    source: hosted
    version: "2.0.5"
  shared_preferences_windows:
    dependency: transitive
    description:
      name: shared_preferences_windows
      sha256: bd014168e8484837c39ef21065b78f305810ceabc1d4f90be6e3b392ce81b46d
      url: "https://pub.dev"
    source: hosted
    version: "2.1.4"
  sky_engine:
    dependency: transitive
    description: flutter
    source: sdk
    version: "0.0.99"
  source_span:
    dependency: transitive
    description:
      name: source_span
      sha256: "53e943d4206a5e30df338fd4c6e7a077e02254531b138a15aec3bd143c1a8b3c"
      url: "https://pub.dev"
    source: hosted
    version: "1.10.0"
  sprintf:
    dependency: transitive
    description:
      name: sprintf
      sha256: "1fc9ffe69d4df602376b52949af107d8f5703b77cda567c4d7d86a0693120f23"
      url: "https://pub.dev"
    source: hosted
    version: "7.0.0"
  sqflite:
    dependency: transitive
    description:
      name: sqflite
      sha256: "591f1602816e9c31377d5f008c2d9ef7b8aca8941c3f89cc5fd9d84da0c38a9a"
      url: "https://pub.dev"
    source: hosted
    version: "2.3.0"
  sqflite_common:
    dependency: transitive
    description:
      name: sqflite_common
      sha256: bb4738f15b23352822f4c42a531677e5c6f522e079461fd240ead29d8d8a54a6
      url: "https://pub.dev"
    source: hosted
    version: "2.5.0+2"
  stack_trace:
    dependency: transitive
    description:
      name: stack_trace
      sha256: "73713990125a6d93122541237550ee3352a2d84baad52d375a4cad2eb9b7ce0b"
      url: "https://pub.dev"
    source: hosted
    version: "1.11.1"
  stream_channel:
    dependency: transitive
    description:
      name: stream_channel
      sha256: ba2aa5d8cc609d96bbb2899c28934f9e1af5cddbd60a827822ea467161eb54e7
      url: "https://pub.dev"
    source: hosted
    version: "2.1.2"
  string_scanner:
    dependency: transitive
    description:
      name: string_scanner
      sha256: "556692adab6cfa87322a115640c11f13cb77b3f076ddcc5d6ae3c20242bedcde"
      url: "https://pub.dev"
    source: hosted
    version: "1.2.0"
  synchronized:
    dependency: transitive
    description:
      name: synchronized
      sha256: "539ef412b170d65ecdafd780f924e5be3f60032a1128df156adad6c5b373d558"
      url: "https://pub.dev"
    source: hosted
    version: "3.1.0+1"
  term_glyph:
    dependency: transitive
    description:
      name: term_glyph
      sha256: a29248a84fbb7c79282b40b8c72a1209db169a2e0542bce341da992fe1bc7e84
      url: "https://pub.dev"
    source: hosted
    version: "1.2.1"
  test_api:
    dependency: transitive
    description:
      name: test_api
      sha256: "5c2f730018264d276c20e4f1503fd1308dfbbae39ec8ee63c5236311ac06954b"
      url: "https://pub.dev"
    source: hosted
    version: "0.6.1"
  typed_data:
    dependency: transitive
    description:
      name: typed_data
      sha256: "26f87ade979c47a150c9eaab93ccd2bebe70a27dc0b4b29517f2904f04eb11a5"
      url: "https://pub.dev"
    source: hosted
    version: "1.3.1"
  uuid:
    dependency: transitive
    description:
      name: uuid
      sha256: "22c94e5ad1e75f9934b766b53c742572ee2677c56bc871d850a57dad0f82127f"
      url: "https://pub.dev"
    source: hosted
    version: "4.2.2"
  vector_math:
    dependency: transitive
    description:
      name: vector_math
      sha256: "80b3257d1492ce4d091729e3a67a60407d227c27241d6927be0130c98e741803"
      url: "https://pub.dev"
    source: hosted
    version: "2.1.4"
  vm_service:
    dependency: transitive
    description:
      name: vm_service
      sha256: b3d56ff4341b8f182b96aceb2fa20e3dcb336b9f867bc0eafc0de10f1048e957
      url: "https://pub.dev"
    source: hosted
    version: "13.0.0"
  web:
    dependency: transitive
    description:
      name: web
      sha256: afe077240a270dcfd2aafe77602b4113645af95d0ad31128cc02bce5ac5d5152
      url: "https://pub.dev"
    source: hosted
    version: "0.3.0"
  win32:
    dependency: transitive
    description:
      name: win32
      sha256: c9ebe7ee4ab0c2194e65d3a07d8c54c5d00bb001b76081c4a04cdb8448b59e46
      url: "https://pub.dev"
    source: hosted
    version: "3.1.3"
  xdg_directories:
    dependency: transitive
    description:
      name: xdg_directories
      sha256: ee1505df1426458f7f60aac270645098d318a8b4766d85fde75f76f2e21807d1
      url: "https://pub.dev"
    source: hosted
    version: "1.0.0"
sdks:
  dart: ">=3.2.0 <4.0.0"
  flutter: ">=3.16.0"
